hash: 4294e3c5f86081a2db1a5bfca003ec1e910ffae577b931c57439f528d700bd20
updated: 2018-10-16T22:48:08.679344934+01:00
imports:
- name: github.com/arsham/rainbow
  version: 708cb3d3389975aea07ba9793c04d4d209640b36
  subpackages:
  - rainbow
- name: github.com/arsham/strings
  version: d1b453ead28db17f0af10a311818a8e03c14387e
- name: github.com/common-nighthawk/go-figure
  version: 18b2b544842cab16f3ff418fb5290d8f2896a069
- name: github.com/fsnotify/fsnotify
  version: ccc981bf80385c528a65fbfdd49bf2d8da22aa23
- name: github.com/hashicorp/hcl
  version: 65a6292f0157eff210d03ed1bf6c59b190b8b906
  subpackages:
  - hcl/ast
  - hcl/parser
  - hcl/printer
  - hcl/scanner
  - hcl/strconv
  - hcl/token
  - json/parser
  - json/scanner
  - json/token
- name: github.com/inconshreveable/mousetrap
  version: 76626ae9c91c4f2a10f34cad8ce83ea42c93bb75
- name: github.com/magiconair/properties
  version: c2353362d570a7bfa228149c62842019201cfb71
- name: github.com/mitchellh/mapstructure
  version: 3536a929edddb9a5b34bd6861dc4a9647cb459fe
- name: github.com/pelletier/go-toml
  version: 81a861c69d25a841d0c4394f0e6f84bc8c5afae0
- name: github.com/pkg/errors
  version: 2233dee583dcf88f3c8b22cb7a33f05a499800d8
- name: github.com/rakyll/statik
  version: 1355192d24db2566a83c3914e187e2a7e7679832
  subpackages:
  - fs
- name: github.com/spf13/afero
  version: d40851caa0d747393da1ffb28f7f9d8b4eeffebd
  subpackages:
  - mem
- name: github.com/spf13/cast
  version: 8965335b8c7107321228e3e3702cab9832751bac
- name: github.com/spf13/cobra
  version: 8d114be902bc9f08717804830a55c48378108a28
- name: github.com/spf13/jwalterweatherman
  version: 103a6da826d08544f49833dabd4f1cdf8a1038bb
- name: github.com/spf13/pflag
  version: 298182f68c66c05229eb03ac171abe6e309ee79a
- name: github.com/spf13/viper
  version: 62edee319679b6ceaec16de03b966102d2dea709
- name: golang.org/x/sys
  version: fa43e7bc11baaae89f3f902b2b4d832b68234844
  subpackages:
  - unix
- name: golang.org/x/text
  version: 4d1c5fb19474adfe9562c9847ba425e7da817e81
  subpackages:
  - transform
  - unicode/norm
- name: gopkg.in/yaml.v2
  version: 5420a8b6744d3b0345ab293f6fcba19c978f1183
testImports: []
